
Microsoft Visual Studio Solution File, Format Version 12.00
# Visual Studio Version 17
VisualStudioVersion = 17.7.34031.279
MinimumVisualStudioVersion = 10.0.40219.1
Project("{FAE04EC0-301F-11D3-BF4B-00C04F79EFBC}") = "ems_app", "ems-app\ems_app.csproj", "{1118EAFF-B2D2-49E0-8CF1-26487715708C}"
EndProject
Project("{FAE04EC0-301F-11D3-BF4B-00C04F79EFBC}") = "ITPI.JSTranscriptPDFReader", "ITPI.JSTranscriptPDFReader\ITPI.JSTranscriptPDFReader.csproj", "{577A3D4D-03C4-4F55-99E2-0AE3BBB67EA5}"
EndProject
Project("{2150E333-8FDC-42A3-9474-1A3956D46DE8}") = "Solution Items", "Solution Items", "{D291C5F6-BAD4-48D7-8A11-40039953CF82}"
	ProjectSection(SolutionItems) = preProject
		NuGet.config = NuGet.config
	EndProjectSection
EndProject
Global
	GlobalSection(SolutionConfigurationPlatforms) = preSolution
		Debug|Any CPU = Debug|Any CPU
		Release|Any CPU = Release|Any CPU
	EndGlobalSection
	GlobalSection(ProjectConfigurationPlatforms) = postSolution
		{1118EAFF-B2D2-49E0-8CF1-26487715708C}.Debug|Any CPU.ActiveCfg = Debug|Any CPU
		{1118EAFF-B2D2-49E0-8CF1-26487715708C}.Debug|Any CPU.Build.0 = Debug|Any CPU
		{1118EAFF-B2D2-49E0-8CF1-26487715708C}.Release|Any CPU.ActiveCfg = Release|Any CPU
		{1118EAFF-B2D2-49E0-8CF1-26487715708C}.Release|Any CPU.Build.0 = Release|Any CPU
		{577A3D4D-03C4-4F55-99E2-0AE3BBB67EA5}.Debug|Any CPU.ActiveCfg = Debug|Any CPU
		{577A3D4D-03C4-4F55-99E2-0AE3BBB67EA5}.Debug|Any CPU.Build.0 = Debug|Any CPU
		{577A3D4D-03C4-4F55-99E2-0AE3BBB67EA5}.Release|Any CPU.ActiveCfg = Release|Any CPU
		{577A3D4D-03C4-4F55-99E2-0AE3BBB67EA5}.Release|Any CPU.Build.0 = Release|Any CPU
	EndGlobalSection
	GlobalSection(SolutionProperties) = preSolution
		HideSolutionNode = FALSE
	EndGlobalSection
	GlobalSection(ExtensibilityGlobals) = postSolution
		SolutionGuid = {BBCE891B-F159-4221-818C-35C9BC81F17E}
	EndGlobalSection
EndGlobal
